
Microsoft Visual Studio Solution File, Format Version 12.00
# Visual Studio Version 17
VisualStudioVersion = 17.11.35312.102
MinimumVisualStudioVersion = 10.0.40219.1
Project("{FAE04EC0-301F-11D3-BF4B-00C04F79EFBC}") = "p2_FINAAL_parqueo", "p2_FINAAL_parqueo\p2_FINAAL_parqueo.csproj", "{8718DFEA-88F1-48A7-AAB9-5933A6AD19B7}"
EndProject
Project("{2150E333-8FDC-42A3-9474-1A3956D46DE8}") = "capa_presentacion", "capa_presentacion", "{4E9A4FBB-B9D0-4F63-BEFB-E97E55695BC3}"
EndProject
Project("{2150E333-8FDC-42A3-9474-1A3956D46DE8}") = "capa_negocio", "capa_negocio", "{4F31531D-4A91-4717-B89C-CC7F78B1ED58}"
EndProject
Project("{2150E333-8FDC-42A3-9474-1A3956D46DE8}") = "capa_Datos", "capa_Datos", "{383059E0-2EE3-4782-B457-862E9309E916}"
EndProject
Project("{2150E333-8FDC-42A3-9474-1A3956D46DE8}") = "capa_base_datos", "capa_base_datos", "{B009ED03-668F-470F-A789-899A71016134}"
EndProject
Project("{2150E333-8FDC-42A3-9474-1A3956D46DE8}") = "models", "models", "{06711F57-40E8-4B51-B3E2-E35D0AEBDAC4}"
	ProjectSection(SolutionItems) = preProject
		administar_vehiculos.cs = administar_vehiculos.cs
		Administradores.cs = Administradores.cs
		Espacios.cs = Espacios.cs
		Estacionamientos.cs = Estacionamientos.cs
		Tarifa.cs = Tarifa.cs
		Tiket.cs = Tiket.cs
		Vehiculo.cs = Vehiculo.cs
	EndProjectSection
EndProject
Project("{2150E333-8FDC-42A3-9474-1A3956D46DE8}") = "Interfaz", "Interfaz", "{2FFE837C-4293-4492-B388-3D8B12E88E87}"
	ProjectSection(SolutionItems) = preProject
		p2_FINAAL_parqueo\IRepository.cs = p2_FINAAL_parqueo\IRepository.cs
	EndProjectSection
EndProject
Project("{2150E333-8FDC-42A3-9474-1A3956D46DE8}") = "Contex", "Contex", "{90940FDA-9948-4DB1-B348-15F1F3126E8A}"
	ProjectSection(SolutionItems) = preProject
		configuracionBD_Context.cs = configuracionBD_Context.cs
	EndProjectSection
EndProject
Project("{2150E333-8FDC-42A3-9474-1A3956D46DE8}") = "Services", "Services", "{D7813016-C696-4E3F-B6C6-236D33C8E996}"
	ProjectSection(SolutionItems) = preProject
		RepositoryServices.cs = RepositoryServices.cs
	EndProjectSection
EndProject
Global
	GlobalSection(SolutionConfigurationPlatforms) = preSolution
		Debug|Any CPU = Debug|Any CPU
		Release|Any CPU = Release|Any CPU
	EndGlobalSection
	GlobalSection(ProjectConfigurationPlatforms) = postSolution
		{8718DFEA-88F1-48A7-AAB9-5933A6AD19B7}.Debug|Any CPU.ActiveCfg = Debug|Any CPU
		{8718DFEA-88F1-48A7-AAB9-5933A6AD19B7}.Debug|Any CPU.Build.0 = Debug|Any CPU
		{8718DFEA-88F1-48A7-AAB9-5933A6AD19B7}.Release|Any CPU.ActiveCfg = Release|Any CPU
		{8718DFEA-88F1-48A7-AAB9-5933A6AD19B7}.Release|Any CPU.Build.0 = Release|Any CPU
	EndGlobalSection
	GlobalSection(SolutionProperties) = preSolution
		HideSolutionNode = FALSE
	EndGlobalSection
	GlobalSection(NestedProjects) = preSolution
		{8718DFEA-88F1-48A7-AAB9-5933A6AD19B7} = {4E9A4FBB-B9D0-4F63-BEFB-E97E55695BC3}
		{06711F57-40E8-4B51-B3E2-E35D0AEBDAC4} = {383059E0-2EE3-4782-B457-862E9309E916}
		{2FFE837C-4293-4492-B388-3D8B12E88E87} = {4F31531D-4A91-4717-B89C-CC7F78B1ED58}
		{90940FDA-9948-4DB1-B348-15F1F3126E8A} = {B009ED03-668F-470F-A789-899A71016134}
		{D7813016-C696-4E3F-B6C6-236D33C8E996} = {4F31531D-4A91-4717-B89C-CC7F78B1ED58}
	EndGlobalSection
	GlobalSection(ExtensibilityGlobals) = postSolution
		SolutionGuid = {F9DF4DA5-2C0E-4B23-B38D-D589E92F687B}
	EndGlobalSection
EndGlobal
